# THIS IS AN AUTOGENERATED FILE. DO NOT EDIT THIS FILE DIRECTLY.
# yarn lockfile v1


"@huggingface/agents@^0.0.5":
  version "0.0.5"
  resolved "https://registry.yarnpkg.com/@huggingface/agents/-/agents-0.0.5.tgz#9b45c42526cd72ef670497a5fca01e7c57fd696c"
  integrity sha512-h3mutXX0sFg4o9ZDHh3gzsF+qydcrTW9MVll2g/IVrNiQ0pSfXZqOQPRnfd85XU49buY3Zd1oHUDI0Bz8PznJw==
  dependencies:
    "@huggingface/inference" "^2.6.1"

"@huggingface/inference@^2.6.1", "@huggingface/inference@^2.7.0":
  version "2.7.0"
  resolved "https://registry.yarnpkg.com/@huggingface/inference/-/inference-2.7.0.tgz#7a44a3c40683b9355933e98e639998da62c58117"
  integrity sha512-u7Fn637Q3f7nUB1tajM4CgzhvoFQkOQr5W5Fm+2wT9ETgGoLBh25BLlYPTJRjAd2WY01s71v0lqAwNvHHCc3mg==
  dependencies:
    "@huggingface/tasks" "^0.10.0"

"@huggingface/tasks@^0.10.0":
  version "0.10.8"
  resolved "https://registry.yarnpkg.com/@huggingface/tasks/-/tasks-0.10.8.tgz#512d5ba77ac282b8ced2745d3cbb02e5a7405815"
  integrity sha512-oIp9912FwByyyyxkB/CIiW203QxPeYzBG7dydLmqZdcW0ma0if1uklGumqkJ6y/rJlv7AR/jJ9wbee0Wl5YZTw==

dotenv@^16.4.5:
  version "16.4.5"
  resolved "https://registry.yarnpkg.com/dotenv/-/dotenv-16.4.5.tgz#cdd3b3b604cb327e286b4762e13502f717cb099f"
  integrity sha512-ZmdL2rui+eB2YwhsWzjInR8LldtZHGDoQ1ugH85ppHKwpUHL7j7rN0Ti9NCnGiQbhaZ11FpR+7ao1dNsmduNUg==
